
Microsoft Visual Studio Solution File, Format Version 12.00
# Visual Studio Version 17
VisualStudioVersion = 17.13.36105.23 d17.13
MinimumVisualStudioVersion = 10.0.40219.1
Project("{FAE04EC0-301F-11D3-BF4B-00C04F79EFBC}") = "testGit", "testGit\testGit.csproj", "{3B35A627-9261-46F4-9E31-E09AA5D3E68B}"
EndProject
Global
	GlobalSection(SolutionConfigurationPlatforms) = preSolution
		Debug|Any CPU = Debug|Any CPU
		Release|Any CPU = Release|Any CPU
	EndGlobalSection
	GlobalSection(ProjectConfigurationPlatforms) = postSolution
		{3B35A627-9261-46F4-9E31-E09AA5D3E68B}.Debug|Any CPU.ActiveCfg = Debug|Any CPU
		{3B35A627-9261-46F4-9E31-E09AA5D3E68B}.Debug|Any CPU.Build.0 = Debug|Any CPU
		{3B35A627-9261-46F4-9E31-E09AA5D3E68B}.Release|Any CPU.ActiveCfg = Release|Any CPU
		{3B35A627-9261-46F4-9E31-E09AA5D3E68B}.Release|Any CPU.Build.0 = Release|Any CPU
	EndGlobalSection
	GlobalSection(SolutionProperties) = preSolution
		HideSolutionNode = FALSE
	EndGlobalSection
	GlobalSection(ExtensibilityGlobals) = postSolution
		SolutionGuid = {0D8EC921-41A0-4843-8857-810A1F5ABE94}
	EndGlobalSection
EndGlobal
